{
  "nodes": {
    "agent-skills": {
      "inputs": {
        "nixpkgs": [
          "nixpkgs"
        ]
      },
      "locked": {
        "lastModified": 1790154098,
        "narHash": "sha256-SviEpvFefXCPOmQ2b41c4ujE7BzWYJ/h8p/HZNxD2B8=",
        "owner": "Kyure-A",
        "repo": "agent-skills-nix",
        "rev": "dc122af897ab9a685c20ae54c639021619dbbb52",
        "type": "github"
      },
      "original": {
        "owner": "Kyure-A",
        "repo": "agent-skills-nix",
        "type": "github"
      }
    },
    "agents-alirezarezvani": {
      "flake": false,
      "locked": {
        "lastModified": 1787752382,
        "narHash": "sha256-ehAXxfKTvK0QZrSkUfweQdTud7NTvQermM+jJF2ggV0=",
        "owner": "alirezarezvani",
        "repo": "claude-skills",
        "rev": "19392f7a08264ed00486a251f5b2098321771f94",
        "type": "github"
      },
      "original": {
        "owner": "alirezarezvani",
        "repo": "claude-skills",
        "type": "github"
      }
    },
    "agents-voltagent": {
      "flake": false,
      "locked": {
        "lastModified": 1789979067,
        "narHash": "sha256-OPy2toCmhPbDnqUcM7B+Ufm6BA8xIpNc6U8Gemc/1jk=",
        "owner": "VoltAgent",
        "repo": "awesome-claude-code-subagents",
        "rev": "82b73821baa7a911d5b14cfb6da238b7f0db6b42",
        "type": "github"
      },
      "original": {
        "owner": "VoltAgent",
        "repo": "awesome-claude-code-subagents",
        "type": "github"
      }
    },
    "backlog-md": {
      "inputs": {
        "bun2nix": "bun2nix",
        "flake-utils": "flake-utils",
        "nixpkgs": [
          "nixpkgs"
        ]
      },
      "locked": {
        "lastModified": 1791384016,
        "narHash": "sha256-vGaNAru6WQ5pGC+kLr0Zxdcayabggui0SaZRfNWi/uw=",
        "owner": "MrLesk",
        "repo": "Backlog.md",
        "rev": "419ea1e6511cd2ff81799db75d2ee3b07cecd477",
        "type": "github"
      },
      "original": {
        "owner": "MrLesk",
        "repo": "Backlog.md",
        "type": "github"
      }
    },
    "bun2nix": {
      "inputs": {
        "flake-parts": "flake-parts",
        "nixpkgs": [
          "backlog-md",
          "nixpkgs"
        ],
        "systems": "systems",
        "treefmt-nix": "treefmt-nix"
      },
      "locked": {
        "lastModified": 1782772816,
        "narHash": "sha256-s9BuFv0mRuZx9C1MF8qPHRdcAK14ONi0A5m6E2wqOoM=",
        "owner": "nix-community",
        "repo": "bun2nix",
        "rev": "5a39d717029e94163ac223aee8d5c9946cafed1c",
        "type": "github"
      },
      "original": {
        "owner": "nix-community",
        "ref": "2.1.1",
        "repo": "bun2nix",
        "type": "github"
      }
    },
    "flake-parts": {
      "inputs": {
        "nixpkgs-lib": [
          "backlog-md",
          "bun2nix",
          "nixpkgs"
        ]
      },
      "locked": {
        "lastModified": 1777988971,
        "narHash": "sha256-qIoWPDs+0/8JecyYgE3gpKQxW/4bLW/gp45vow9ioCQ=",
        "owner": "hercules-ci",
        "repo": "flake-parts",
        "rev": "0678d8986be1661af6bb555f3489f2fdfc31f6ff",
        "type": "github"
      },
      "original": {
        "owner": "hercules-ci",
        "repo": "flake-parts",
        "type": "github"
      }
    },
    "flake-utils": {
      "inputs": {
        "systems": "systems_2"
      },
      "locked": {
        "lastModified": 1731533236,
        "narHash": "sha256-l0KFg5HjrsfsO/JpG+r7fRrqm12kzFHyUHqHCVpMMbI=",
        "owner": "numtide",
        "repo": "flake-utils",
        "rev": "11707dc2f618dd54ca8739b309ec4fc024de578b",
        "type": "github"
      },
      "original": {
        "owner": "numtide",
        "repo": "flake-utils",
        "type": "github"
      }
    },
    "home-manager": {
      "inputs": {
        "nixpkgs": [
          "nixpkgs"
        ]
      },
      "locked": {
        "lastModified": 1790365885,
        "narHash": "sha256-iQ0ebhiVo64NktTnwft9hNxlFu4j5cvljVxyJaEVIP4=",
        "owner": "nix-community",
        "repo": "home-manager",
        "rev": "7b4c5ec4bedaf1e062bbc1bcaeddbc6bd242aa1b",
        "type": "github"
      },
      "original": {
        "owner": "nix-community",
        "repo": "home-manager",
        "type": "github"
      }
    },
    "nixpkgs": {
      "locked": {
        "lastModified": 1790600678,
        "narHash": "sha256-6k3n7X2UsZ6tAlWTz99RimiZab+17tMUrw9sRUcELiA=",
        "owner": "NixOS",
        "repo": "nixpkgs",
        "rev": "f45c6f04c2f013f004bf94e284e95d72898d9393",
        "type": "github"
      },
      "original": {
        "owner": "NixOS",
        "ref": "nixpkgs-unstable",
        "repo": "nixpkgs",
        "type": "github"
      }
    },
    "root": {
      "inputs": {
        "agent-skills": "agent-skills",
        "agents-alirezarezvani": "agents-alirezarezvani",
        "agents-voltagent": "agents-voltagent",
        "backlog-md": "backlog-md",
        "home-manager": "home-manager",
        "nixpkgs": "nixpkgs",
        "skills-archify": "skills-archify",
        "skills-claude-plugins-community": "skills-claude-plugins-community",
        "skills-explainer": "skills-explainer",
        "skills-i-have-adhd": "skills-i-have-adhd",
        "skills-mattpocock-skills": "skills-mattpocock-skills",
        "skills-natural-japanese": "skills-natural-japanese",
        "skills-vercel-agent-skills": "skills-vercel-agent-skills",
        "skills-vercel-skills": "skills-vercel-skills",
        "skills-walkinglabs-learn-harness-engineering": "skills-walkinglabs-learn-harness-engineering",
        "skills-yomiyasu": "skills-yomiyasu"
      }
    },
    "skills-archify": {
      "flake": false,
      "locked": {
        "lastModified": 1791483047,
        "narHash": "sha256-FIRTDZYFHT5Q7l0ZJ51k2+rvmluTu6KNqKriLpEmDY4=",
        "owner": "tt-a1i",
        "repo": "archify",
        "rev": "bb990b17b886e83d633e273221615eb259a92c78",
        "type": "github"
      },
      "original": {
        "owner": "tt-a1i",
        "repo": "archify",
        "type": "github"
      }
    },
    "skills-claude-plugins-community": {
      "flake": false,
      "locked": {
        "lastModified": 1790878891,
        "narHash": "sha256-nUw8RB0vWVkJu5eaxafUtjPTlhRakJcJEOztq5YGnAY=",
        "owner": "anthropics",
        "repo": "claude-plugins-community",
        "rev": "87c843d52c12f4bc91bb23b47132eb08b70e6cb6",
        "type": "github"
      },
      "original": {
        "owner": "anthropics",
        "repo": "claude-plugins-community",
        "type": "github"
      }
    },
    "skills-explainer": {
      "flake": false,
      "locked": {
        "lastModified": 1791278496,
        "narHash": "sha256-X28LASU60zC8Q/8asgAr2UWIMxjYsVPEvd/bTro3c4o=",
        "owner": "mizchi",
        "repo": "explainer",
        "rev": "578defba7249fde5366689424ed6017f76b5598b",
        "type": "github"
      },
      "original": {
        "owner": "mizchi",
        "repo": "explainer",
        "type": "github"
      }
    },
    "skills-i-have-adhd": {
      "flake": false,
      "locked": {
        "lastModified": 1789836285,
        "narHash": "sha256-UExi0k71MOtLwqVaFRGhgvqq6+jxwbQxZZVZxceHGrw=",
        "owner": "ayghri",
        "repo": "i-have-adhd",
        "rev": "839872f9d1cd634fed642b4589ce7226199cc15f",
        "type": "github"
      },
      "original": {
        "owner": "ayghri",
        "repo": "i-have-adhd",
        "type": "github"
      }
    },
    "skills-mattpocock-skills": {
      "flake": false,
      "locked": {
        "lastModified": 1790685460,
        "narHash": "sha256-zQ/wVrcHjIC+UjP4nDw3HARMqZd6LIDFmHKlp8AADYI=",
        "owner": "mattpocock",
        "repo": "skills",
        "rev": "d81f3a183412e71a5b1e84ca21bc1a35eea03a60",
        "type": "github"
      },
      "original": {
        "owner": "mattpocock",
        "repo": "skills",
        "type": "github"
      }
    },
    "skills-natural-japanese": {
      "flake": false,
      "locked": {
        "lastModified": 1788522342,
        "narHash": "sha256-9n8BMG6f10sYibw8qhZ5YWHpYhTtjAlwZVmI4DCVPm0=",
        "owner": "coji",
        "repo": "natural-japanese",
        "rev": "9a78a42964096da509b8f3e011f0085a5f080151",
        "type": "github"
      },
      "original": {
        "owner": "coji",
        "repo": "natural-japanese",
        "type": "github"
      }
    },
    "skills-vercel-agent-skills": {
      "flake": false,
      "locked": {
        "lastModified": 1787924167,
        "narHash": "sha256-tTSJf53OQltUfxTH4hdqcnw5ywCjCZP8/JqQ593cyB8=",
        "owner": "vercel-labs",
        "repo": "agent-skills",
        "rev": "063bee94c3f4df8453406c830b0a7df0f2860278",
        "type": "github"
      },
      "original": {
        "owner": "vercel-labs",
        "repo": "agent-skills",
        "type": "github"
      }
    },
    "skills-vercel-skills": {
      "flake": false,
      "locked": {
        "lastModified": 1790626857,
        "narHash": "sha256-fXt5TGhQAsyY7ewnjp+42kzxA5RDXHoVAdLj5p9f8ZY=",
        "owner": "vercel-labs",
        "repo": "skills",
        "rev": "3694740352eeef5cdd689af694c485f1ff62eec3",
        "type": "github"
      },
      "original": {
        "owner": "vercel-labs",
        "repo": "skills",
        "type": "github"
      }
    },
    "skills-walkinglabs-learn-harness-engineering": {
      "flake": false,
      "locked": {
        "lastModified": 1790829039,
        "narHash": "sha256-MzIGR9UMQcoqu0DE0SDHExJfaSy9917xr1QxjyBidMA=",
        "owner": "walkinglabs",
        "repo": "learn-harness-engineering",
        "rev": "38ddcd2bf8d65271f668b94e7c875ca1d629d622",
        "type": "github"
      },
      "original": {
        "owner": "walkinglabs",
        "repo": "learn-harness-engineering",
        "type": "github"
      }
    },
    "skills-yomiyasu": {
      "flake": false,
      "locked": {
        "lastModified": 1791427304,
        "narHash": "sha256-t/R2QBoktkTpvPcy88U6URKwW6Qz5Fmc2RjZovHZvXk=",
        "owner": "nanaism",
        "repo": "yomiyasu",
        "rev": "c2ffae670994fec96daef92e0bc219f5c1923113",
        "type": "github"
      },
      "original": {
        "owner": "nanaism",
        "repo": "yomiyasu",
        "type": "github"
      }
    },
    "systems": {
      "locked": {
        "lastModified": 1681028828,
        "narHash": "sha256-Vy1rq5AaRuLzOxct8nz4T6wlgyUR7zLU309k9mBC768=",
        "owner": "nix-systems",
        "repo": "default",
        "rev": "da67096a3b9bf56a91d16901293e51ba5b49a27e",
        "type": "github"
      },
      "original": {
        "owner": "nix-systems",
        "repo": "default",
        "type": "github"
      }
    },
    "systems_2": {
      "locked": {
        "lastModified": 1681028828,
        "narHash": "sha256-Vy1rq5AaRuLzOxct8nz4T6wlgyUR7zLU309k9mBC768=",
        "owner": "nix-systems",
        "repo": "default",
        "rev": "da67096a3b9bf56a91d16901293e51ba5b49a27e",
        "type": "github"
      },
      "original": {
        "owner": "nix-systems",
        "repo": "default",
        "type": "github"
      }
    },
    "treefmt-nix": {
      "inputs": {
        "nixpkgs": [
          "backlog-md",
          "bun2nix",
          "nixpkgs"
        ]
      },
      "locked": {
        "lastModified": 1775636079,
        "narHash": "sha256-pc20NRoMdiar8oPQceQT47UUZMBTiMdUuWrYu2obUP0=",
        "owner": "numtide",
        "repo": "treefmt-nix",
        "rev": "790751ff7fd3801feeaf96d7dc416a8d581265ba",
        "type": "github"
      },
      "original": {
        "owner": "numtide",
        "repo": "treefmt-nix",
        "type": "github"
      }
    }
  },
  "root": "root",
  "version": 7
}
